
Microsoft Visual Studio Solution File, Format Version 12.00
# Visual Studio Version 17
VisualStudioVersion = 17.0.31903.59
MinimumVisualStudioVersion = 10.0.40219.1
Project("{9A19103F-16F7-4668-BE54-9A1E7A4F7556}") = "PublicFunction", "PublicFunction\PublicFunction.csproj", "{C370F553-7F04-421E-9D7D-1AAAF2FD68C0}"
EndProject
Project("{FAE04EC0-301F-11D3-BF4B-00C04F79EFBC}") = "PublicFunction.SessionManagement", "SessionManagement\PublicFunction.SessionManagement.csproj", "{61820553-D35B-4284-960C-F377624AC50E}"
EndProject
Project("{FAE04EC0-301F-11D3-BF4B-00C04F79EFBC}") = "PublicFunction.Helper", "Helper\PublicFunction.Helper.csproj", "{CC978B87-1D5C-481F-8446-429F2A581DE8}"
EndProject
Project("{FAE04EC0-301F-11D3-BF4B-00C04F79EFBC}") = "PublicFunction.Middleware", "PublicFunction.Middleware\PublicFunction.Middleware.csproj", "{34D1253F-06A5-4B87-A387-821BD04E5DD3}"
EndProject
Global
	GlobalSection(SolutionConfigurationPlatforms) = preSolution
		Debug|Any CPU = Debug|Any CPU
		Release|Any CPU = Release|Any CPU
	EndGlobalSection
	GlobalSection(ProjectConfigurationPlatforms) = postSolution
		{C370F553-7F04-421E-9D7D-1AAAF2FD68C0}.Debug|Any CPU.ActiveCfg = Debug|Any CPU
		{C370F553-7F04-421E-9D7D-1AAAF2FD68C0}.Debug|Any CPU.Build.0 = Debug|Any CPU
		{C370F553-7F04-421E-9D7D-1AAAF2FD68C0}.Release|Any CPU.ActiveCfg = Release|Any CPU
		{C370F553-7F04-421E-9D7D-1AAAF2FD68C0}.Release|Any CPU.Build.0 = Release|Any CPU
		{61820553-D35B-4284-960C-F377624AC50E}.Debug|Any CPU.ActiveCfg = Debug|Any CPU
		{61820553-D35B-4284-960C-F377624AC50E}.Debug|Any CPU.Build.0 = Debug|Any CPU
		{61820553-D35B-4284-960C-F377624AC50E}.Release|Any CPU.ActiveCfg = Release|Any CPU
		{61820553-D35B-4284-960C-F377624AC50E}.Release|Any CPU.Build.0 = Release|Any CPU
		{CC978B87-1D5C-481F-8446-429F2A581DE8}.Debug|Any CPU.ActiveCfg = Debug|Any CPU
		{CC978B87-1D5C-481F-8446-429F2A581DE8}.Debug|Any CPU.Build.0 = Debug|Any CPU
		{CC978B87-1D5C-481F-8446-429F2A581DE8}.Release|Any CPU.ActiveCfg = Release|Any CPU
		{CC978B87-1D5C-481F-8446-429F2A581DE8}.Release|Any CPU.Build.0 = Release|Any CPU
		{34D1253F-06A5-4B87-A387-821BD04E5DD3}.Debug|Any CPU.ActiveCfg = Debug|Any CPU
		{34D1253F-06A5-4B87-A387-821BD04E5DD3}.Debug|Any CPU.Build.0 = Debug|Any CPU
		{34D1253F-06A5-4B87-A387-821BD04E5DD3}.Release|Any CPU.ActiveCfg = Release|Any CPU
		{34D1253F-06A5-4B87-A387-821BD04E5DD3}.Release|Any CPU.Build.0 = Release|Any CPU
	EndGlobalSection
	GlobalSection(SolutionProperties) = preSolution
		HideSolutionNode = FALSE
	EndGlobalSection
	GlobalSection(ExtensibilityGlobals) = postSolution
		SolutionGuid = {68991A9D-3091-4D58-A1E8-A606C7EF1C9B}
	EndGlobalSection
EndGlobal
